
Microsoft Visual Studio Solution File, Format Version 12.00
# Visual Studio Version 17
VisualStudioVersion = 17.0.31903.59
MinimumVisualStudioVersion = 10.0.40219.1
Project("{2150E333-8FDC-42A3-9474-1A3956D46DE8}") = "src", "src", "{827E0CD3-B72D-47B6-A68D-7590B98EB39B}"
EndProject
Project("{2150E333-8FDC-42A3-9474-1A3956D46DE8}") = "IdentityService", "IdentityService", "{F8B90FFE-BB37-8A69-F901-2B9289615797}"
EndProject
Project("{2150E333-8FDC-42A3-9474-1A3956D46DE8}") = "IdentityService.API", "IdentityService.API", "{E901FFC7-CAFF-30EC-7321-DFC9254818D0}"
EndProject
Project("{FAE04EC0-301F-11D3-BF4B-00C04F79EFBC}") = "IdentityService.Api", "src\IdentityService\IdentityService.API\IdentityService.Api.csproj", "{B2DF9187-7B24-4CF1-8852-8B8DD56F060C}"
EndProject
Project("{FAE04EC0-301F-11D3-BF4B-00C04F79EFBC}") = "IdentityService.Domain", "src\IdentityService\IdentityService.Domain\IdentityService.Domain.csproj", "{ACF932B1-BA22-4957-8832-23B61CF92BE8}"
EndProject
Project("{FAE04EC0-301F-11D3-BF4B-00C04F79EFBC}") = "IdentityService.Infrastructure", "src\IdentityService\IdentityService.Infrastructure\IdentityService.Infrastructure.csproj", "{F150E64E-B77E-4179-8F15-E792D5E17327}"
EndProject
Project("{FAE04EC0-301F-11D3-BF4B-00C04F79EFBC}") = "IdentityService.Application", "src\IdentityService\IdentityService.Application\IdentityService.Application.csproj", "{4A31BB8C-0A1F-4F24-A9B6-AB3B3E25D281}"
EndProject
Project("{FAE04EC0-301F-11D3-BF4B-00C04F79EFBC}") = "NotificationService.Application", "src\NotificationService\NotificationService.Application\NotificationService.Application.csproj", "{7272E790-494F-4C69-A969-5D5932C8BEF3}"
EndProject
Project("{FAE04EC0-301F-11D3-BF4B-00C04F79EFBC}") = "NotificationService.Infrastructure", "src\NotificationService\NotificationService.Infrastructure\NotificationService.Infrastructure.csproj", "{A9A226DF-93EB-4D9D-B114-C1DF34AA35F4}"
EndProject
Project("{FAE04EC0-301F-11D3-BF4B-00C04F79EFBC}") = "NotificationService.Domain", "src\NotificationService\NotificationService.Domain\NotificationService.Domain.csproj", "{AAA2AADC-1323-4A2B-A783-DE9224D68CCA}"
EndProject
Project("{FAE04EC0-301F-11D3-BF4B-00C04F79EFBC}") = "NotificationService.Api", "src\NotificationService\NotificationService.API\NotificationService.Api.csproj", "{F0DFA650-2517-4DCE-96C5-51C19A8FDD7C}"
EndProject
Project("{FAE04EC0-301F-11D3-BF4B-00C04F79EFBC}") = "EvaluationService.Infrastructure", "src\EvaluationService\EvaluationService.Infrastructure\EvaluationService.Infrastructure.csproj", "{905DC840-C7A9-45C3-BEFB-885F0B0D0671}"
EndProject
Project("{FAE04EC0-301F-11D3-BF4B-00C04F79EFBC}") = "EvaluationService.Application", "src\EvaluationService\EvaluationService.Application\EvaluationService.Application.csproj", "{919ED65D-1347-4DE7-956C-D3162D2050DB}"
EndProject
Project("{FAE04EC0-301F-11D3-BF4B-00C04F79EFBC}") = "EvaluationService.Api", "src\EvaluationService\EvaluationService.API\EvaluationService.Api.csproj", "{9360F02A-6DC2-4DA4-93CD-4A8CA000FDFF}"
EndProject
Project("{FAE04EC0-301F-11D3-BF4B-00C04F79EFBC}") = "EvaluationService.Domain", "src\EvaluationService\EvaluationService.Domain\EvaluationService.Domain.csproj", "{18361542-9275-4EC8-9B25-3C7AF3773FB7}"
EndProject
Project("{FAE04EC0-301F-11D3-BF4B-00C04F79EFBC}") = "Shared.Messaging", "src\Shared\Shared.Messaging\Shared.Messaging.csproj", "{40C88E76-DF68-46CC-8F9D-418795C236C3}"
EndProject
Project("{FAE04EC0-301F-11D3-BF4B-00C04F79EFBC}") = "Shared.DTO", "src\Shared\Shared.DTO\Shared.DTO.csproj", "{FDF6AA05-366C-4FE3-BBBF-6659013F8BC8}"
EndProject
Project("{FAE04EC0-301F-11D3-BF4B-00C04F79EFBC}") = "Shared.Infrastructure", "src\Shared\Shared.Infrastructure\Shared.Infrastructure.csproj", "{9000954F-B309-4360-9B91-E78FDAB8D756}"
EndProject
Project("{FAE04EC0-301F-11D3-BF4B-00C04F79EFBC}") = "Shared.Security", "src\Shared\Shared.Security\Shared.Security.csproj", "{175EF450-B960-4F63-9F20-D3A05CC47BAF}"
EndProject
Project("{FAE04EC0-301F-11D3-BF4B-00C04F79EFBC}") = "Shared.Domain", "src\Shared\Shared.Domain\Shared.Domain.csproj", "{7F57D59A-E7B4-46DC-BD78-C70EEA4E9AEE}"
EndProject
Project("{FAE04EC0-301F-11D3-BF4B-00C04F79EFBC}") = "ThesisService.Api", "src\ThesisService\ThesisService.API\ThesisService.Api.csproj", "{3CDCEAB5-FAC3-41BA-A678-E27E89E0AB02}"
EndProject
Project("{FAE04EC0-301F-11D3-BF4B-00C04F79EFBC}") = "ThesisService.Application", "src\ThesisService\ThesisService.Application\ThesisService.Application.csproj", "{619391F4-A80F-405D-9859-AB525554B6AD}"
EndProject
Project("{FAE04EC0-301F-11D3-BF4B-00C04F79EFBC}") = "ThesisService.Domain", "src\ThesisService\ThesisService.Domain\ThesisService.Domain.csproj", "{3C17EE60-C703-4903-9601-479963760904}"
EndProject
Project("{FAE04EC0-301F-11D3-BF4B-00C04F79EFBC}") = "ThesisService.Infrastructure", "src\ThesisService\ThesisService.Infrastructure\ThesisService.Infrastructure.csproj", "{D6487F3F-2A90-42B9-B60E-A30C1596C641}"
EndProject
Project("{FAE04EC0-301F-11D3-BF4B-00C04F79EFBC}") = "ApiGateway", "src\ApiGateway\ApiGateway.csproj", "{027EF64C-1804-4056-9562-89D42F45EF77}"
EndProject
Global
	GlobalSection(SolutionConfigurationPlatforms) = preSolution
		Debug|Any CPU = Debug|Any CPU
		Debug|x64 = Debug|x64
		Debug|x86 = Debug|x86
		Release|Any CPU = Release|Any CPU
		Release|x64 = Release|x64
		Release|x86 = Release|x86
	EndGlobalSection
	GlobalSection(ProjectConfigurationPlatforms) = postSolution
		{B2DF9187-7B24-4CF1-8852-8B8DD56F060C}.Debug|Any CPU.ActiveCfg = Debug|Any CPU
		{B2DF9187-7B24-4CF1-8852-8B8DD56F060C}.Debug|Any CPU.Build.0 = Debug|Any CPU
		{B2DF9187-7B24-4CF1-8852-8B8DD56F060C}.Debug|x64.ActiveCfg = Debug|Any CPU
		{B2DF9187-7B24-4CF1-8852-8B8DD56F060C}.Debug|x64.Build.0 = Debug|Any CPU
		{B2DF9187-7B24-4CF1-8852-8B8DD56F060C}.Debug|x86.ActiveCfg = Debug|Any CPU
		{B2DF9187-7B24-4CF1-8852-8B8DD56F060C}.Debug|x86.Build.0 = Debug|Any CPU
		{B2DF9187-7B24-4CF1-8852-8B8DD56F060C}.Release|Any CPU.ActiveCfg = Release|Any CPU
		{B2DF9187-7B24-4CF1-8852-8B8DD56F060C}.Release|Any CPU.Build.0 = Release|Any CPU
		{B2DF9187-7B24-4CF1-8852-8B8DD56F060C}.Release|x64.ActiveCfg = Release|Any CPU
		{B2DF9187-7B24-4CF1-8852-8B8DD56F060C}.Release|x64.Build.0 = Release|Any CPU
		{B2DF9187-7B24-4CF1-8852-8B8DD56F060C}.Release|x86.ActiveCfg = Release|Any CPU
		{B2DF9187-7B24-4CF1-8852-8B8DD56F060C}.Release|x86.Build.0 = Release|Any CPU
		{ACF932B1-BA22-4957-8832-23B61CF92BE8}.Debug|Any CPU.ActiveCfg = Debug|Any CPU
		{ACF932B1-BA22-4957-8832-23B61CF92BE8}.Debug|Any CPU.Build.0 = Debug|Any CPU
		{ACF932B1-BA22-4957-8832-23B61CF92BE8}.Debug|x64.ActiveCfg = Debug|Any CPU
		{ACF932B1-BA22-4957-8832-23B61CF92BE8}.Debug|x64.Build.0 = Debug|Any CPU
		{ACF932B1-BA22-4957-8832-23B61CF92BE8}.Debug|x86.ActiveCfg = Debug|Any CPU
		{ACF932B1-BA22-4957-8832-23B61CF92BE8}.Debug|x86.Build.0 = Debug|Any CPU
		{ACF932B1-BA22-4957-8832-23B61CF92BE8}.Release|Any CPU.ActiveCfg = Release|Any CPU
		{ACF932B1-BA22-4957-8832-23B61CF92BE8}.Release|Any CPU.Build.0 = Release|Any CPU
		{ACF932B1-BA22-4957-8832-23B61CF92BE8}.Release|x64.ActiveCfg = Release|Any CPU
		{ACF932B1-BA22-4957-8832-23B61CF92BE8}.Release|x64.Build.0 = Release|Any CPU
		{ACF932B1-BA22-4957-8832-23B61CF92BE8}.Release|x86.ActiveCfg = Release|Any CPU
		{ACF932B1-BA22-4957-8832-23B61CF92BE8}.Release|x86.Build.0 = Release|Any CPU
		{F150E64E-B77E-4179-8F15-E792D5E17327}.Debug|Any CPU.ActiveCfg = Debug|Any CPU
		{F150E64E-B77E-4179-8F15-E792D5E17327}.Debug|Any CPU.Build.0 = Debug|Any CPU
		{F150E64E-B77E-4179-8F15-E792D5E17327}.Debug|x64.ActiveCfg = Debug|Any CPU
		{F150E64E-B77E-4179-8F15-E792D5E17327}.Debug|x64.Build.0 = Debug|Any CPU
		{F150E64E-B77E-4179-8F15-E792D5E17327}.Debug|x86.ActiveCfg = Debug|Any CPU
		{F150E64E-B77E-4179-8F15-E792D5E17327}.Debug|x86.Build.0 = Debug|Any CPU
		{F150E64E-B77E-4179-8F15-E792D5E17327}.Release|Any CPU.ActiveCfg = Release|Any CPU
		{F150E64E-B77E-4179-8F15-E792D5E17327}.Release|Any CPU.Build.0 = Release|Any CPU
		{F150E64E-B77E-4179-8F15-E792D5E17327}.Release|x64.ActiveCfg = Release|Any CPU
		{F150E64E-B77E-4179-8F15-E792D5E17327}.Release|x64.Build.0 = Release|Any CPU
		{F150E64E-B77E-4179-8F15-E792D5E17327}.Release|x86.ActiveCfg = Release|Any CPU
		{F150E64E-B77E-4179-8F15-E792D5E17327}.Release|x86.Build.0 = Release|Any CPU
		{4A31BB8C-0A1F-4F24-A9B6-AB3B3E25D281}.Debug|Any CPU.ActiveCfg = Debug|Any CPU
		{4A31BB8C-0A1F-4F24-A9B6-AB3B3E25D281}.Debug|Any CPU.Build.0 = Debug|Any CPU
		{4A31BB8C-0A1F-4F24-A9B6-AB3B3E25D281}.Debug|x64.ActiveCfg = Debug|Any CPU
		{4A31BB8C-0A1F-4F24-A9B6-AB3B3E25D281}.Debug|x64.Build.0 = Debug|Any CPU
		{4A31BB8C-0A1F-4F24-A9B6-AB3B3E25D281}.Debug|x86.ActiveCfg = Debug|Any CPU
		{4A31BB8C-0A1F-4F24-A9B6-AB3B3E25D281}.Debug|x86.Build.0 = Debug|Any CPU
		{4A31BB8C-0A1F-4F24-A9B6-AB3B3E25D281}.Release|Any CPU.ActiveCfg = Release|Any CPU
		{4A31BB8C-0A1F-4F24-A9B6-AB3B3E25D281}.Release|Any CPU.Build.0 = Release|Any CPU
		{4A31BB8C-0A1F-4F24-A9B6-AB3B3E25D281}.Release|x64.ActiveCfg = Release|Any CPU
		{4A31BB8C-0A1F-4F24-A9B6-AB3B3E25D281}.Release|x64.Build.0 = Release|Any CPU
		{4A31BB8C-0A1F-4F24-A9B6-AB3B3E25D281}.Release|x86.ActiveCfg = Release|Any CPU
		{4A31BB8C-0A1F-4F24-A9B6-AB3B3E25D281}.Release|x86.Build.0 = Release|Any CPU
		{7272E790-494F-4C69-A969-5D5932C8BEF3}.Debug|Any CPU.ActiveCfg = Debug|Any CPU
		{7272E790-494F-4C69-A969-5D5932C8BEF3}.Debug|Any CPU.Build.0 = Debug|Any CPU
		{7272E790-494F-4C69-A969-5D5932C8BEF3}.Debug|x64.ActiveCfg = Debug|Any CPU
		{7272E790-494F-4C69-A969-5D5932C8BEF3}.Debug|x64.Build.0 = Debug|Any CPU
		{7272E790-494F-4C69-A969-5D5932C8BEF3}.Debug|x86.ActiveCfg = Debug|Any CPU
		{7272E790-494F-4C69-A969-5D5932C8BEF3}.Debug|x86.Build.0 = Debug|Any CPU
		{7272E790-494F-4C69-A969-5D5932C8BEF3}.Release|Any CPU.ActiveCfg = Release|Any CPU
		{7272E790-494F-4C69-A969-5D5932C8BEF3}.Release|Any CPU.Build.0 = Release|Any CPU
		{7272E790-494F-4C69-A969-5D5932C8BEF3}.Release|x64.ActiveCfg = Release|Any CPU
		{7272E790-494F-4C69-A969-5D5932C8BEF3}.Release|x64.Build.0 = Release|Any CPU
		{7272E790-494F-4C69-A969-5D5932C8BEF3}.Release|x86.ActiveCfg = Release|Any CPU
		{7272E790-494F-4C69-A969-5D5932C8BEF3}.Release|x86.Build.0 = Release|Any CPU
		{A9A226DF-93EB-4D9D-B114-C1DF34AA35F4}.Debug|Any CPU.ActiveCfg = Debug|Any CPU
		{A9A226DF-93EB-4D9D-B114-C1DF34AA35F4}.Debug|Any CPU.Build.0 = Debug|Any CPU
		{A9A226DF-93EB-4D9D-B114-C1DF34AA35F4}.Debug|x64.ActiveCfg = Debug|Any CPU
		{A9A226DF-93EB-4D9D-B114-C1DF34AA35F4}.Debug|x64.Build.0 = Debug|Any CPU
		{A9A226DF-93EB-4D9D-B114-C1DF34AA35F4}.Debug|x86.ActiveCfg = Debug|Any CPU
		{A9A226DF-93EB-4D9D-B114-C1DF34AA35F4}.Debug|x86.Build.0 = Debug|Any CPU
		{A9A226DF-93EB-4D9D-B114-C1DF34AA35F4}.Release|Any CPU.ActiveCfg = Release|Any CPU
		{A9A226DF-93EB-4D9D-B114-C1DF34AA35F4}.Release|Any CPU.Build.0 = Release|Any CPU
		{A9A226DF-93EB-4D9D-B114-C1DF34AA35F4}.Release|x64.ActiveCfg = Release|Any CPU
		{A9A226DF-93EB-4D9D-B114-C1DF34AA35F4}.Release|x64.Build.0 = Release|Any CPU
		{A9A226DF-93EB-4D9D-B114-C1DF34AA35F4}.Release|x86.ActiveCfg = Release|Any CPU
		{A9A226DF-93EB-4D9D-B114-C1DF34AA35F4}.Release|x86.Build.0 = Release|Any CPU
		{AAA2AADC-1323-4A2B-A783-DE9224D68CCA}.Debug|Any CPU.ActiveCfg = Debug|Any CPU
		{AAA2AADC-1323-4A2B-A783-DE9224D68CCA}.Debug|Any CPU.Build.0 = Debug|Any CPU
		{AAA2AADC-1323-4A2B-A783-DE9224D68CCA}.Debug|x64.ActiveCfg = Debug|Any CPU
		{AAA2AADC-1323-4A2B-A783-DE9224D68CCA}.Debug|x64.Build.0 = Debug|Any CPU
		{AAA2AADC-1323-4A2B-A783-DE9224D68CCA}.Debug|x86.ActiveCfg = Debug|Any CPU
		{AAA2AADC-1323-4A2B-A783-DE9224D68CCA}.Debug|x86.Build.0 = Debug|Any CPU
		{AAA2AADC-1323-4A2B-A783-DE9224D68CCA}.Release|Any CPU.ActiveCfg = Release|Any CPU
		{AAA2AADC-1323-4A2B-A783-DE9224D68CCA}.Release|Any CPU.Build.0 = Release|Any CPU
		{AAA2AADC-1323-4A2B-A783-DE9224D68CCA}.Release|x64.ActiveCfg = Release|Any CPU
		{AAA2AADC-1323-4A2B-A783-DE9224D68CCA}.Release|x64.Build.0 = Release|Any CPU
		{AAA2AADC-1323-4A2B-A783-DE9224D68CCA}.Release|x86.ActiveCfg = Release|Any CPU
		{AAA2AADC-1323-4A2B-A783-DE9224D68CCA}.Release|x86.Build.0 = Release|Any CPU
		{F0DFA650-2517-4DCE-96C5-51C19A8FDD7C}.Debug|Any CPU.ActiveCfg = Debug|Any CPU
		{F0DFA650-2517-4DCE-96C5-51C19A8FDD7C}.Debug|Any CPU.Build.0 = Debug|Any CPU
		{F0DFA650-2517-4DCE-96C5-51C19A8FDD7C}.Debug|x64.ActiveCfg = Debug|Any CPU
		{F0DFA650-2517-4DCE-96C5-51C19A8FDD7C}.Debug|x64.Build.0 = Debug|Any CPU
		{F0DFA650-2517-4DCE-96C5-51C19A8FDD7C}.Debug|x86.ActiveCfg = Debug|Any CPU
		{F0DFA650-2517-4DCE-96C5-51C19A8FDD7C}.Debug|x86.Build.0 = Debug|Any CPU
		{F0DFA650-2517-4DCE-96C5-51C19A8FDD7C}.Release|Any CPU.ActiveCfg = Release|Any CPU
		{F0DFA650-2517-4DCE-96C5-51C19A8FDD7C}.Release|Any CPU.Build.0 = Release|Any CPU
		{F0DFA650-2517-4DCE-96C5-51C19A8FDD7C}.Release|x64.ActiveCfg = Release|Any CPU
		{F0DFA650-2517-4DCE-96C5-51C19A8FDD7C}.Release|x64.Build.0 = Release|Any CPU
		{F0DFA650-2517-4DCE-96C5-51C19A8FDD7C}.Release|x86.ActiveCfg = Release|Any CPU
		{F0DFA650-2517-4DCE-96C5-51C19A8FDD7C}.Release|x86.Build.0 = Release|Any CPU
		{905DC840-C7A9-45C3-BEFB-885F0B0D0671}.Debug|Any CPU.ActiveCfg = Debug|Any CPU
		{905DC840-C7A9-45C3-BEFB-885F0B0D0671}.Debug|Any CPU.Build.0 = Debug|Any CPU
		{905DC840-C7A9-45C3-BEFB-885F0B0D0671}.Debug|x64.ActiveCfg = Debug|Any CPU
		{905DC840-C7A9-45C3-BEFB-885F0B0D0671}.Debug|x64.Build.0 = Debug|Any CPU
		{905DC840-C7A9-45C3-BEFB-885F0B0D0671}.Debug|x86.ActiveCfg = Debug|Any CPU
		{905DC840-C7A9-45C3-BEFB-885F0B0D0671}.Debug|x86.Build.0 = Debug|Any CPU
		{905DC840-C7A9-45C3-BEFB-885F0B0D0671}.Release|Any CPU.ActiveCfg = Release|Any CPU
		{905DC840-C7A9-45C3-BEFB-885F0B0D0671}.Release|Any CPU.Build.0 = Release|Any CPU
		{905DC840-C7A9-45C3-BEFB-885F0B0D0671}.Release|x64.ActiveCfg = Release|Any CPU
		{905DC840-C7A9-45C3-BEFB-885F0B0D0671}.Release|x64.Build.0 = Release|Any CPU
		{905DC840-C7A9-45C3-BEFB-885F0B0D0671}.Release|x86.ActiveCfg = Release|Any CPU
		{905DC840-C7A9-45C3-BEFB-885F0B0D0671}.Release|x86.Build.0 = Release|Any CPU
		{919ED65D-1347-4DE7-956C-D3162D2050DB}.Debug|Any CPU.ActiveCfg = Debug|Any CPU
		{919ED65D-1347-4DE7-956C-D3162D2050DB}.Debug|Any CPU.Build.0 = Debug|Any CPU
		{919ED65D-1347-4DE7-956C-D3162D2050DB}.Debug|x64.ActiveCfg = Debug|Any CPU
		{919ED65D-1347-4DE7-956C-D3162D2050DB}.Debug|x64.Build.0 = Debug|Any CPU
		{919ED65D-1347-4DE7-956C-D3162D2050DB}.Debug|x86.ActiveCfg = Debug|Any CPU
		{919ED65D-1347-4DE7-956C-D3162D2050DB}.Debug|x86.Build.0 = Debug|Any CPU
		{919ED65D-1347-4DE7-956C-D3162D2050DB}.Release|Any CPU.ActiveCfg = Release|Any CPU
		{919ED65D-1347-4DE7-956C-D3162D2050DB}.Release|Any CPU.Build.0 = Release|Any CPU
		{919ED65D-1347-4DE7-956C-D3162D2050DB}.Release|x64.ActiveCfg = Release|Any CPU
		{919ED65D-1347-4DE7-956C-D3162D2050DB}.Release|x64.Build.0 = Release|Any CPU
		{919ED65D-1347-4DE7-956C-D3162D2050DB}.Release|x86.ActiveCfg = Release|Any CPU
		{919ED65D-1347-4DE7-956C-D3162D2050DB}.Release|x86.Build.0 = Release|Any CPU
		{9360F02A-6DC2-4DA4-93CD-4A8CA000FDFF}.Debug|Any CPU.ActiveCfg = Debug|Any CPU
		{9360F02A-6DC2-4DA4-93CD-4A8CA000FDFF}.Debug|Any CPU.Build.0 = Debug|Any CPU
		{9360F02A-6DC2-4DA4-93CD-4A8CA000FDFF}.Debug|x64.ActiveCfg = Debug|Any CPU
		{9360F02A-6DC2-4DA4-93CD-4A8CA000FDFF}.Debug|x64.Build.0 = Debug|Any CPU
		{9360F02A-6DC2-4DA4-93CD-4A8CA000FDFF}.Debug|x86.ActiveCfg = Debug|Any CPU
		{9360F02A-6DC2-4DA4-93CD-4A8CA000FDFF}.Debug|x86.Build.0 = Debug|Any CPU
		{9360F02A-6DC2-4DA4-93CD-4A8CA000FDFF}.Release|Any CPU.ActiveCfg = Release|Any CPU
		{9360F02A-6DC2-4DA4-93CD-4A8CA000FDFF}.Release|Any CPU.Build.0 = Release|Any CPU
		{9360F02A-6DC2-4DA4-93CD-4A8CA000FDFF}.Release|x64.ActiveCfg = Release|Any CPU
		{9360F02A-6DC2-4DA4-93CD-4A8CA000FDFF}.Release|x64.Build.0 = Release|Any CPU
		{9360F02A-6DC2-4DA4-93CD-4A8CA000FDFF}.Release|x86.ActiveCfg = Release|Any CPU
		{9360F02A-6DC2-4DA4-93CD-4A8CA000FDFF}.Release|x86.Build.0 = Release|Any CPU
		{18361542-9275-4EC8-9B25-3C7AF3773FB7}.Debug|Any CPU.ActiveCfg = Debug|Any CPU
		{18361542-9275-4EC8-9B25-3C7AF3773FB7}.Debug|Any CPU.Build.0 = Debug|Any CPU
		{18361542-9275-4EC8-9B25-3C7AF3773FB7}.Debug|x64.ActiveCfg = Debug|Any CPU
		{18361542-9275-4EC8-9B25-3C7AF3773FB7}.Debug|x64.Build.0 = Debug|Any CPU
		{18361542-9275-4EC8-9B25-3C7AF3773FB7}.Debug|x86.ActiveCfg = Debug|Any CPU
		{18361542-9275-4EC8-9B25-3C7AF3773FB7}.Debug|x86.Build.0 = Debug|Any CPU
		{18361542-9275-4EC8-9B25-3C7AF3773FB7}.Release|Any CPU.ActiveCfg = Release|Any CPU
		{18361542-9275-4EC8-9B25-3C7AF3773FB7}.Release|Any CPU.Build.0 = Release|Any CPU
		{18361542-9275-4EC8-9B25-3C7AF3773FB7}.Release|x64.ActiveCfg = Release|Any CPU
		{18361542-9275-4EC8-9B25-3C7AF3773FB7}.Release|x64.Build.0 = Release|Any CPU
		{18361542-9275-4EC8-9B25-3C7AF3773FB7}.Release|x86.ActiveCfg = Release|Any CPU
		{18361542-9275-4EC8-9B25-3C7AF3773FB7}.Release|x86.Build.0 = Release|Any CPU
		{40C88E76-DF68-46CC-8F9D-418795C236C3}.Debug|Any CPU.ActiveCfg = Debug|Any CPU
		{40C88E76-DF68-46CC-8F9D-418795C236C3}.Debug|Any CPU.Build.0 = Debug|Any CPU
		{40C88E76-DF68-46CC-8F9D-418795C236C3}.Debug|x64.ActiveCfg = Debug|Any CPU
		{40C88E76-DF68-46CC-8F9D-418795C236C3}.Debug|x64.Build.0 = Debug|Any CPU
		{40C88E76-DF68-46CC-8F9D-418795C236C3}.Debug|x86.ActiveCfg = Debug|Any CPU
		{40C88E76-DF68-46CC-8F9D-418795C236C3}.Debug|x86.Build.0 = Debug|Any CPU
		{40C88E76-DF68-46CC-8F9D-418795C236C3}.Release|Any CPU.ActiveCfg = Release|Any CPU
		{40C88E76-DF68-46CC-8F9D-418795C236C3}.Release|Any CPU.Build.0 = Release|Any CPU
		{40C88E76-DF68-46CC-8F9D-418795C236C3}.Release|x64.ActiveCfg = Release|Any CPU
		{40C88E76-DF68-46CC-8F9D-418795C236C3}.Release|x64.Build.0 = Release|Any CPU
		{40C88E76-DF68-46CC-8F9D-418795C236C3}.Release|x86.ActiveCfg = Release|Any CPU
		{40C88E76-DF68-46CC-8F9D-418795C236C3}.Release|x86.Build.0 = Release|Any CPU
		{FDF6AA05-366C-4FE3-BBBF-6659013F8BC8}.Debug|Any CPU.ActiveCfg = Debug|Any CPU
		{FDF6AA05-366C-4FE3-BBBF-6659013F8BC8}.Debug|Any CPU.Build.0 = Debug|Any CPU
		{FDF6AA05-366C-4FE3-BBBF-6659013F8BC8}.Debug|x64.ActiveCfg = Debug|Any CPU
		{FDF6AA05-366C-4FE3-BBBF-6659013F8BC8}.Debug|x64.Build.0 = Debug|Any CPU
		{FDF6AA05-366C-4FE3-BBBF-6659013F8BC8}.Debug|x86.ActiveCfg = Debug|Any CPU
		{FDF6AA05-366C-4FE3-BBBF-6659013F8BC8}.Debug|x86.Build.0 = Debug|Any CPU
		{FDF6AA05-366C-4FE3-BBBF-6659013F8BC8}.Release|Any CPU.ActiveCfg = Release|Any CPU
		{FDF6AA05-366C-4FE3-BBBF-6659013F8BC8}.Release|Any CPU.Build.0 = Release|Any CPU
		{FDF6AA05-366C-4FE3-BBBF-6659013F8BC8}.Release|x64.ActiveCfg = Release|Any CPU
		{FDF6AA05-366C-4FE3-BBBF-6659013F8BC8}.Release|x64.Build.0 = Release|Any CPU
		{FDF6AA05-366C-4FE3-BBBF-6659013F8BC8}.Release|x86.ActiveCfg = Release|Any CPU
		{FDF6AA05-366C-4FE3-BBBF-6659013F8BC8}.Release|x86.Build.0 = Release|Any CPU
		{9000954F-B309-4360-9B91-E78FDAB8D756}.Debug|Any CPU.ActiveCfg = Debug|Any CPU
		{9000954F-B309-4360-9B91-E78FDAB8D756}.Debug|Any CPU.Build.0 = Debug|Any CPU
		{9000954F-B309-4360-9B91-E78FDAB8D756}.Debug|x64.ActiveCfg = Debug|Any CPU
		{9000954F-B309-4360-9B91-E78FDAB8D756}.Debug|x64.Build.0 = Debug|Any CPU
		{9000954F-B309-4360-9B91-E78FDAB8D756}.Debug|x86.ActiveCfg = Debug|Any CPU
		{9000954F-B309-4360-9B91-E78FDAB8D756}.Debug|x86.Build.0 = Debug|Any CPU
		{9000954F-B309-4360-9B91-E78FDAB8D756}.Release|Any CPU.ActiveCfg = Release|Any CPU
		{9000954F-B309-4360-9B91-E78FDAB8D756}.Release|Any CPU.Build.0 = Release|Any CPU
		{9000954F-B309-4360-9B91-E78FDAB8D756}.Release|x64.ActiveCfg = Release|Any CPU
		{9000954F-B309-4360-9B91-E78FDAB8D756}.Release|x64.Build.0 = Release|Any CPU
		{9000954F-B309-4360-9B91-E78FDAB8D756}.Release|x86.ActiveCfg = Release|Any CPU
		{9000954F-B309-4360-9B91-E78FDAB8D756}.Release|x86.Build.0 = Release|Any CPU
		{175EF450-B960-4F63-9F20-D3A05CC47BAF}.Debug|Any CPU.ActiveCfg = Debug|Any CPU
		{175EF450-B960-4F63-9F20-D3A05CC47BAF}.Debug|Any CPU.Build.0 = Debug|Any CPU
		{175EF450-B960-4F63-9F20-D3A05CC47BAF}.Debug|x64.ActiveCfg = Debug|Any CPU
		{175EF450-B960-4F63-9F20-D3A05CC47BAF}.Debug|x64.Build.0 = Debug|Any CPU
		{175EF450-B960-4F63-9F20-D3A05CC47BAF}.Debug|x86.ActiveCfg = Debug|Any CPU
		{175EF450-B960-4F63-9F20-D3A05CC47BAF}.Debug|x86.Build.0 = Debug|Any CPU
		{175EF450-B960-4F63-9F20-D3A05CC47BAF}.Release|Any CPU.ActiveCfg = Release|Any CPU
		{175EF450-B960-4F63-9F20-D3A05CC47BAF}.Release|Any CPU.Build.0 = Release|Any CPU
		{175EF450-B960-4F63-9F20-D3A05CC47BAF}.Release|x64.ActiveCfg = Release|Any CPU
		{175EF450-B960-4F63-9F20-D3A05CC47BAF}.Release|x64.Build.0 = Release|Any CPU
		{175EF450-B960-4F63-9F20-D3A05CC47BAF}.Release|x86.ActiveCfg = Release|Any CPU
		{175EF450-B960-4F63-9F20-D3A05CC47BAF}.Release|x86.Build.0 = Release|Any CPU
		{7F57D59A-E7B4-46DC-BD78-C70EEA4E9AEE}.Debug|Any CPU.ActiveCfg = Debug|Any CPU
		{7F57D59A-E7B4-46DC-BD78-C70EEA4E9AEE}.Debug|Any CPU.Build.0 = Debug|Any CPU
		{7F57D59A-E7B4-46DC-BD78-C70EEA4E9AEE}.Debug|x64.ActiveCfg = Debug|Any CPU
		{7F57D59A-E7B4-46DC-BD78-C70EEA4E9AEE}.Debug|x64.Build.0 = Debug|Any CPU
		{7F57D59A-E7B4-46DC-BD78-C70EEA4E9AEE}.Debug|x86.ActiveCfg = Debug|Any CPU
		{7F57D59A-E7B4-46DC-BD78-C70EEA4E9AEE}.Debug|x86.Build.0 = Debug|Any CPU
		{7F57D59A-E7B4-46DC-BD78-C70EEA4E9AEE}.Release|Any CPU.ActiveCfg = Release|Any CPU
		{7F57D59A-E7B4-46DC-BD78-C70EEA4E9AEE}.Release|Any CPU.Build.0 = Release|Any CPU
		{7F57D59A-E7B4-46DC-BD78-C70EEA4E9AEE}.Release|x64.ActiveCfg = Release|Any CPU
		{7F57D59A-E7B4-46DC-BD78-C70EEA4E9AEE}.Release|x64.Build.0 = Release|Any CPU
		{7F57D59A-E7B4-46DC-BD78-C70EEA4E9AEE}.Release|x86.ActiveCfg = Release|Any CPU
		{7F57D59A-E7B4-46DC-BD78-C70EEA4E9AEE}.Release|x86.Build.0 = Release|Any CPU
		{3CDCEAB5-FAC3-41BA-A678-E27E89E0AB02}.Debug|Any CPU.ActiveCfg = Debug|Any CPU
		{3CDCEAB5-FAC3-41BA-A678-E27E89E0AB02}.Debug|Any CPU.Build.0 = Debug|Any CPU
		{3CDCEAB5-FAC3-41BA-A678-E27E89E0AB02}.Debug|x64.ActiveCfg = Debug|Any CPU
		{3CDCEAB5-FAC3-41BA-A678-E27E89E0AB02}.Debug|x64.Build.0 = Debug|Any CPU
		{3CDCEAB5-FAC3-41BA-A678-E27E89E0AB02}.Debug|x86.ActiveCfg = Debug|Any CPU
		{3CDCEAB5-FAC3-41BA-A678-E27E89E0AB02}.Debug|x86.Build.0 = Debug|Any CPU
		{3CDCEAB5-FAC3-41BA-A678-E27E89E0AB02}.Release|Any CPU.ActiveCfg = Release|Any CPU
		{3CDCEAB5-FAC3-41BA-A678-E27E89E0AB02}.Release|Any CPU.Build.0 = Release|Any CPU
		{3CDCEAB5-FAC3-41BA-A678-E27E89E0AB02}.Release|x64.ActiveCfg = Release|Any CPU
		{3CDCEAB5-FAC3-41BA-A678-E27E89E0AB02}.Release|x64.Build.0 = Release|Any CPU
		{3CDCEAB5-FAC3-41BA-A678-E27E89E0AB02}.Release|x86.ActiveCfg = Release|Any CPU
		{3CDCEAB5-FAC3-41BA-A678-E27E89E0AB02}.Release|x86.Build.0 = Release|Any CPU
		{619391F4-A80F-405D-9859-AB525554B6AD}.Debug|Any CPU.ActiveCfg = Debug|Any CPU
		{619391F4-A80F-405D-9859-AB525554B6AD}.Debug|Any CPU.Build.0 = Debug|Any CPU
		{619391F4-A80F-405D-9859-AB525554B6AD}.Debug|x64.ActiveCfg = Debug|Any CPU
		{619391F4-A80F-405D-9859-AB525554B6AD}.Debug|x64.Build.0 = Debug|Any CPU
		{619391F4-A80F-405D-9859-AB525554B6AD}.Debug|x86.ActiveCfg = Debug|Any CPU
		{619391F4-A80F-405D-9859-AB525554B6AD}.Debug|x86.Build.0 = Debug|Any CPU
		{619391F4-A80F-405D-9859-AB525554B6AD}.Release|Any CPU.ActiveCfg = Release|Any CPU
		{619391F4-A80F-405D-9859-AB525554B6AD}.Release|Any CPU.Build.0 = Release|Any CPU
		{619391F4-A80F-405D-9859-AB525554B6AD}.Release|x64.ActiveCfg = Release|Any CPU
		{619391F4-A80F-405D-9859-AB525554B6AD}.Release|x64.Build.0 = Release|Any CPU
		{619391F4-A80F-405D-9859-AB525554B6AD}.Release|x86.ActiveCfg = Release|Any CPU
		{619391F4-A80F-405D-9859-AB525554B6AD}.Release|x86.Build.0 = Release|Any CPU
		{3C17EE60-C703-4903-9601-479963760904}.Debug|Any CPU.ActiveCfg = Debug|Any CPU
		{3C17EE60-C703-4903-9601-479963760904}.Debug|Any CPU.Build.0 = Debug|Any CPU
		{3C17EE60-C703-4903-9601-479963760904}.Debug|x64.ActiveCfg = Debug|Any CPU
		{3C17EE60-C703-4903-9601-479963760904}.Debug|x64.Build.0 = Debug|Any CPU
		{3C17EE60-C703-4903-9601-479963760904}.Debug|x86.ActiveCfg = Debug|Any CPU
		{3C17EE60-C703-4903-9601-479963760904}.Debug|x86.Build.0 = Debug|Any CPU
		{3C17EE60-C703-4903-9601-479963760904}.Release|Any CPU.ActiveCfg = Release|Any CPU
		{3C17EE60-C703-4903-9601-479963760904}.Release|Any CPU.Build.0 = Release|Any CPU
		{3C17EE60-C703-4903-9601-479963760904}.Release|x64.ActiveCfg = Release|Any CPU
		{3C17EE60-C703-4903-9601-479963760904}.Release|x64.Build.0 = Release|Any CPU
		{3C17EE60-C703-4903-9601-479963760904}.Release|x86.ActiveCfg = Release|Any CPU
		{3C17EE60-C703-4903-9601-479963760904}.Release|x86.Build.0 = Release|Any CPU
		{D6487F3F-2A90-42B9-B60E-A30C1596C641}.Debug|Any CPU.ActiveCfg = Debug|Any CPU
		{D6487F3F-2A90-42B9-B60E-A30C1596C641}.Debug|Any CPU.Build.0 = Debug|Any CPU
		{D6487F3F-2A90-42B9-B60E-A30C1596C641}.Debug|x64.ActiveCfg = Debug|Any CPU
		{D6487F3F-2A90-42B9-B60E-A30C1596C641}.Debug|x64.Build.0 = Debug|Any CPU
		{D6487F3F-2A90-42B9-B60E-A30C1596C641}.Debug|x86.ActiveCfg = Debug|Any CPU
		{D6487F3F-2A90-42B9-B60E-A30C1596C641}.Debug|x86.Build.0 = Debug|Any CPU
		{D6487F3F-2A90-42B9-B60E-A30C1596C641}.Release|Any CPU.ActiveCfg = Release|Any CPU
		{D6487F3F-2A90-42B9-B60E-A30C1596C641}.Release|Any CPU.Build.0 = Release|Any CPU
		{D6487F3F-2A90-42B9-B60E-A30C1596C641}.Release|x64.ActiveCfg = Release|Any CPU
		{D6487F3F-2A90-42B9-B60E-A30C1596C641}.Release|x64.Build.0 = Release|Any CPU
		{D6487F3F-2A90-42B9-B60E-A30C1596C641}.Release|x86.ActiveCfg = Release|Any CPU
		{D6487F3F-2A90-42B9-B60E-A30C1596C641}.Release|x86.Build.0 = Release|Any CPU
		{027EF64C-1804-4056-9562-89D42F45EF77}.Debug|Any CPU.ActiveCfg = Debug|Any CPU
		{027EF64C-1804-4056-9562-89D42F45EF77}.Debug|Any CPU.Build.0 = Debug|Any CPU
		{027EF64C-1804-4056-9562-89D42F45EF77}.Debug|x64.ActiveCfg = Debug|Any CPU
		{027EF64C-1804-4056-9562-89D42F45EF77}.Debug|x64.Build.0 = Debug|Any CPU
		{027EF64C-1804-4056-9562-89D42F45EF77}.Debug|x86.ActiveCfg = Debug|Any CPU
		{027EF64C-1804-4056-9562-89D42F45EF77}.Debug|x86.Build.0 = Debug|Any CPU
		{027EF64C-1804-4056-9562-89D42F45EF77}.Release|Any CPU.ActiveCfg = Release|Any CPU
		{027EF64C-1804-4056-9562-89D42F45EF77}.Release|Any CPU.Build.0 = Release|Any CPU
		{027EF64C-1804-4056-9562-89D42F45EF77}.Release|x64.ActiveCfg = Release|Any CPU
		{027EF64C-1804-4056-9562-89D42F45EF77}.Release|x64.Build.0 = Release|Any CPU
		{027EF64C-1804-4056-9562-89D42F45EF77}.Release|x86.ActiveCfg = Release|Any CPU
		{027EF64C-1804-4056-9562-89D42F45EF77}.Release|x86.Build.0 = Release|Any CPU
	EndGlobalSection
	GlobalSection(SolutionProperties) = preSolution
		HideSolutionNode = FALSE
	EndGlobalSection
	GlobalSection(NestedProjects) = preSolution
		{F8B90FFE-BB37-8A69-F901-2B9289615797} = {827E0CD3-B72D-47B6-A68D-7590B98EB39B}
		{E901FFC7-CAFF-30EC-7321-DFC9254818D0} = {F8B90FFE-BB37-8A69-F901-2B9289615797}
		{B2DF9187-7B24-4CF1-8852-8B8DD56F060C} = {E901FFC7-CAFF-30EC-7321-DFC9254818D0}
		{ACF932B1-BA22-4957-8832-23B61CF92BE8} = {E901FFC7-CAFF-30EC-7321-DFC9254818D0}
		{F150E64E-B77E-4179-8F15-E792D5E17327} = {E901FFC7-CAFF-30EC-7321-DFC9254818D0}
		{4A31BB8C-0A1F-4F24-A9B6-AB3B3E25D281} = {E901FFC7-CAFF-30EC-7321-DFC9254818D0}
		{7272E790-494F-4C69-A969-5D5932C8BEF3} = {E901FFC7-CAFF-30EC-7321-DFC9254818D0}
		{A9A226DF-93EB-4D9D-B114-C1DF34AA35F4} = {E901FFC7-CAFF-30EC-7321-DFC9254818D0}
		{AAA2AADC-1323-4A2B-A783-DE9224D68CCA} = {E901FFC7-CAFF-30EC-7321-DFC9254818D0}
		{F0DFA650-2517-4DCE-96C5-51C19A8FDD7C} = {E901FFC7-CAFF-30EC-7321-DFC9254818D0}
		{905DC840-C7A9-45C3-BEFB-885F0B0D0671} = {E901FFC7-CAFF-30EC-7321-DFC9254818D0}
		{919ED65D-1347-4DE7-956C-D3162D2050DB} = {E901FFC7-CAFF-30EC-7321-DFC9254818D0}
		{9360F02A-6DC2-4DA4-93CD-4A8CA000FDFF} = {E901FFC7-CAFF-30EC-7321-DFC9254818D0}
		{18361542-9275-4EC8-9B25-3C7AF3773FB7} = {E901FFC7-CAFF-30EC-7321-DFC9254818D0}
		{40C88E76-DF68-46CC-8F9D-418795C236C3} = {E901FFC7-CAFF-30EC-7321-DFC9254818D0}
		{FDF6AA05-366C-4FE3-BBBF-6659013F8BC8} = {E901FFC7-CAFF-30EC-7321-DFC9254818D0}
		{9000954F-B309-4360-9B91-E78FDAB8D756} = {E901FFC7-CAFF-30EC-7321-DFC9254818D0}
		{175EF450-B960-4F63-9F20-D3A05CC47BAF} = {E901FFC7-CAFF-30EC-7321-DFC9254818D0}
		{7F57D59A-E7B4-46DC-BD78-C70EEA4E9AEE} = {E901FFC7-CAFF-30EC-7321-DFC9254818D0}
		{3CDCEAB5-FAC3-41BA-A678-E27E89E0AB02} = {E901FFC7-CAFF-30EC-7321-DFC9254818D0}
		{619391F4-A80F-405D-9859-AB525554B6AD} = {E901FFC7-CAFF-30EC-7321-DFC9254818D0}
		{3C17EE60-C703-4903-9601-479963760904} = {E901FFC7-CAFF-30EC-7321-DFC9254818D0}
		{D6487F3F-2A90-42B9-B60E-A30C1596C641} = {E901FFC7-CAFF-30EC-7321-DFC9254818D0}
		{027EF64C-1804-4056-9562-89D42F45EF77} = {E901FFC7-CAFF-30EC-7321-DFC9254818D0}
	EndGlobalSection
EndGlobal
